
Microsoft Visual Studio Solution File, Format Version 12.00
# Visual Studio 15
VisualStudioVersion = 15.0.27703.1
MinimumVisualStudioVersion = 10.0.40219.1
Project("{FAE04EC0-301F-11D3-BF4B-00C04F79EFBC}") = "CloudWCF", "CloudWCF\CloudWCF.csproj", "{5CD7C9F8-DD10-44F0-9FAE-40C8CBC25388}"
EndProject
Project("{FAE04EC0-301F-11D3-BF4B-00C04F79EFBC}") = "Client", "Client\Client.csproj", "{55242C6E-B0F5-4F82-82E6-72FC1E1FACCF}"
EndProject
Project("{FAE04EC0-301F-11D3-BF4B-00C04F79EFBC}") = "CryptoLib", "CryptoLib\CryptoLib.csproj", "{1C0448AD-194B-4FD9-8EBC-E3BC82DBD2DC}"
EndProject
Global
	GlobalSection(SolutionConfigurationPlatforms) = preSolution
		Debug|Any CPU = Debug|Any CPU
		Release|Any CPU = Release|Any CPU
	EndGlobalSection
	GlobalSection(ProjectConfigurationPlatforms) = postSolution
		{5CD7C9F8-DD10-44F0-9FAE-40C8CBC25388}.Debug|Any CPU.ActiveCfg = Debug|Any CPU
		{5CD7C9F8-DD10-44F0-9FAE-40C8CBC25388}.Debug|Any CPU.Build.0 = Debug|Any CPU
		{5CD7C9F8-DD10-44F0-9FAE-40C8CBC25388}.Release|Any CPU.ActiveCfg = Release|Any CPU
		{5CD7C9F8-DD10-44F0-9FAE-40C8CBC25388}.Release|Any CPU.Build.0 = Release|Any CPU
		{55242C6E-B0F5-4F82-82E6-72FC1E1FACCF}.Debug|Any CPU.ActiveCfg = Debug|Any CPU
		{55242C6E-B0F5-4F82-82E6-72FC1E1FACCF}.Debug|Any CPU.Build.0 = Debug|Any CPU
		{55242C6E-B0F5-4F82-82E6-72FC1E1FACCF}.Release|Any CPU.ActiveCfg = Release|Any CPU
		{55242C6E-B0F5-4F82-82E6-72FC1E1FACCF}.Release|Any CPU.Build.0 = Release|Any CPU
		{1C0448AD-194B-4FD9-8EBC-E3BC82DBD2DC}.Debug|Any CPU.ActiveCfg = Debug|Any CPU
		{1C0448AD-194B-4FD9-8EBC-E3BC82DBD2DC}.Debug|Any CPU.Build.0 = Debug|Any CPU
		{1C0448AD-194B-4FD9-8EBC-E3BC82DBD2DC}.Release|Any CPU.ActiveCfg = Release|Any CPU
		{1C0448AD-194B-4FD9-8EBC-E3BC82DBD2DC}.Release|Any CPU.Build.0 = Release|Any CPU
	EndGlobalSection
	GlobalSection(SolutionProperties) = preSolution
		HideSolutionNode = FALSE
	EndGlobalSection
	GlobalSection(ExtensibilityGlobals) = postSolution
		SolutionGuid = {F3DB2D30-E778-4933-AD37-7D89A47E7A7C}
	EndGlobalSection
EndGlobal
